/Users/reedkenny/Desktop/Urban_tree_fire/structure_analysis/model_inputs/eaton_burned_trees_model_inputs.csv
/Users/reedkenny/Desktop/Urban_tree_fire/structure_analysis/model_inputs/eaton_burned_struc_model_inputs.csv
/Users/reedkenny/Desktop/Urban_tree_fire/structure_analysis/model_inputs/palisades_burned_trees_model_inputs.csv
/Users/reedkenny/Desktop/Urban_tree_fire/structure_analysis/model_inputs/palisades_burned_struc_model_inputs.csv
/Users/reedkenny/Desktop/Urban_tree_fire/structure_analysis/tmp_data/eaton_burned_build_density.shp
/Users/reedkenny/Desktop/Urban_tree_fire/structure_analysis/tmp_data/eaton_burned_build_prox.shp
/Users/reedkenny/Desktop/Urban_tree_fire/structure_analysis/tmp_data/eaton_burned_tree_crowns_final.shp
/Users/reedkenny/Desktop/Urban_tree_fire/structure_analysis/tmp_data/eaton_burned_fprints.shp
/Users/reedkenny/Desktop/Urban_tree_fire/structure_analysis/tmp_data/eaton_crowns_burned_polys_v2.shp
/Users/reedkenny/OneDrive - Cal Poly/data/Buildings/LARIAC6_Buildings_2020_eaton.shp
/Users/reedkenny/OneDrive - Cal Poly/data/town_polygons/eaton_burned_bound.shp
/Users/reedkenny/OneDrive - Cal Poly/data/LiDAR/eaton/Registered_DEMS/eaton_prefire_CHM_burned_reg.tif
/Users/reedkenny/OneDrive - Cal Poly/data/LiDAR/eaton/Registered_DEMS/eaton_prefire_CHM_unburned_reg.tif
/Users/reedkenny/OneDrive - Cal Poly/data/LiDAR/palisades/Registered_DEMS/palisades_prefire_CHM_burned_reg.tif
/Users/reedkenny/OneDrive - Cal Poly/data/LiDAR/palisades/Registered_DEMS/palisades_prefire_CHM_unburned_reg.tif
/Users/reedkenny/OneDrive - Cal Poly/data/Buildings/LARIAC6_Buildings_2020_eaton.shp
/Users/reedkenny/OneDrive - Cal Poly/data/Buildings/LARIAC6_Buildings_2020_palisades.shp
/Users/reedkenny/Desktop/Urban_tree_fire/structure_analysis/tmp_data/eaton_burned_fprints.shp
/Users/reedkenny/Desktop/Urban_tree_fire/structure_analysis/tmp_data/eaton_burned_tree_crowns_final.shp
/Users/reedkenny/Desktop/Urban_tree_fire/structure_analysis/tmp_data/eaton_burned_build_density.shp
/Users/reedkenny/Desktop/Urban_tree_fire/structure_analysis/tmp_data/eaton_burned_build_prox.shp
/Users/reedkenny/Desktop/Urban_tree_fire/structure_analysis/tmp_data/palisades_burned_build_density.shp
/Users/reedkenny/Desktop/Urban_tree_fire/structure_analysis/tmp_data/palisades_burned_build_prox.shp
/Users/reedkenny/Desktop/Urban_tree_fire/structure_analysis/tmp_data/palisades_burned_tree_crowns_final.shp
/Users/reedkenny/Desktop/Urban_tree_fire/structure_analysis/tmp_data/palisades_burned_fprints.shp
/Users/reedkenny/Desktop/Urban_tree_fire/structure_analysis/tmp_data/palisades_crowns_burned_polys_v2.shp
/Users/reedkenny/OneDrive - Cal Poly/data/Buildings/LARIAC6_Buildings_2020_palisades.shp
/Users/reedkenny/OneDrive - Cal Poly/data/town_polygons/palisades_burned_bound.shp
/Users/reedkenny/Desktop/Urban_tree_fire/structure_analysis/tmp_data/palisades_burned_fprints.shp
/Users/reedkenny/Desktop/Urban_tree_fire/structure_analysis/tmp_data/palisades_burned_tree_crowns_final.shp
/Users/reedkenny/Desktop/Urban_tree_fire/structure_analysis/tmp_data/palisades_burned_build_density.shp
/Users/reedkenny/Desktop/Urban_tree_fire/structure_analysis/tmp_data/palisades_burned_build_prox.shp
